{
  "graft/jupyter-demo": {
    "branch_key": "jupyter-demo",
    "exported": [
      "index.qmd",
      "notebook.ipynb"
    ],
    "last_checked": "2025-12-11T15:55:10.592743Z",
    "last_good": "af480ef8b0b290be153358d9e14c78ccafba1562",
    "title": "jupyter-demo"
  },
  "graft/marimo-demo": {
    "branch_key": "marimo-demo",
    "exported": [
      "index.qmd",
      "marimo_app.qmd"
    ],
    "last_checked": "2025-12-11T15:55:10.827851Z",
    "last_good": "f56051b9d8d009e23eaf61653f51fce751d3cdd3",
    "title": "marimo-demo"
  },
  "graft/markdown-demo": {
    "branch_key": "markdown-demo",
    "exported": [
      "index.qmd"
    ],
    "last_checked": "2025-12-11T15:55:10.712077Z",
    "last_good": "6f5f3f8587a4ef3c103a8d5dce1ebdba6b476240",
    "title": "markdown-demo"
  }
}